// !$*UTF8*$!
{
	archiveVersion = 1;
	classes = {
	};
	objectVersion = 48;
	objects = {

/* Begin PBXBuildFile section */
		AC3F4E501FB185EE00B810CF /* AppDelegate.swift in Sources */ = {isa = PBXBuildFile; fileRef = AC3F4E4F1FB185EE00B810CF /* AppDelegate.swift */; };
		AC3F4E521FB185EE00B810CF /* ViewController.swift in Sources */ = {isa = PBXBuildFile; fileRef = AC3F4E511FB185EE00B810CF /* ViewController.swift */; };
		AC3F4E551FB185EE00B810CF /* Main.storyboard in Resources */ = {isa = PBXBuildFile; fileRef = AC3F4E531FB185EE00B810CF /* Main.storyboard */; };
		AC3F4E581FB185EE00B810CF /* ChickenCoopApp.xcdatamodeld in Sources */ = {isa = PBXBuildFile; fileRef = AC3F4E561FB185EE00B810CF /* ChickenCoopApp.xcdatamodeld */; };
		AC3F4E5A1FB185EE00B810CF /* Assets.xcassets in Resources */ = {isa = PBXBuildFile; fileRef = AC3F4E591FB185EE00B810CF /* Assets.xcassets */; };
		AC3F4E5D1FB185EE00B810CF /* LaunchScreen.storyboard in Resources */ = {isa = PBXBuildFile; fileRef = AC3F4E5B1FB185EE00B810CF /* LaunchScreen.storyboard */; };
		AC3F4E681FB185EF00B810CF /* ChickenCoopAppTests.swift in Sources */ = {isa = PBXBuildFile; fileRef = AC3F4E671FB185EF00B810CF /* ChickenCoopAppTests.swift */; };
		AC3F4E731FB185EF00B810CF /* ChickenCoopAppUITests.swift in Sources */ = {isa = PBXBuildFile; fileRef = AC3F4E721FB185EF00B810CF /* ChickenCoopAppUITests.swift */; };
		AC3F4E831FB193A500B810CF /* LogoNavigationController.swift in Sources */ = {isa = PBXBuildFile; fileRef = AC3F4E821FB193A500B810CF /* LogoNavigationController.swift */; };
		AC3F4E851FB19A2100B810CF /* MenuCollectionViewController.swift in Sources */ = {isa = PBXBuildFile; fileRef = AC3F4E841FB19A2100B810CF /* MenuCollectionViewController.swift */; };
		AC3F4E871FB19CA700B810CF /* MenuCollectionViewCell.swift in Sources */ = {isa = PBXBuildFile; fileRef = AC3F4E861FB19CA700B810CF /* MenuCollectionViewCell.swift */; };
		AC3F4E891FB1A1A500B810CF /* SpecialsTableViewController.swift in Sources */ = {isa = PBXBuildFile; fileRef = AC3F4E881FB1A1A500B810CF /* SpecialsTableViewController.swift */; };
		AC3F4E8D1FB1A1FF00B810CF /* SpecialsTableViewCell.swift in Sources */ = {isa = PBXBuildFile; fileRef = AC3F4E8C1FB1A1FF00B810CF /* SpecialsTableViewCell.swift */; };
		AC3F4E921FB1A94700B810CF /* MainMenu.swift in Sources */ = {isa = PBXBuildFile; fileRef = AC3F4E911FB1A94700B810CF /* MainMenu.swift */; };
		AC3F4E971FB1B00100B810CF /* MenuData.swift in Sources */ = {isa = PBXBuildFile; fileRef = AC3F4E961FB1B00100B810CF /* MenuData.swift */; };
		AC3F4E991FB1B99C00B810CF /* FoodMenu.swift in Sources */ = {isa = PBXBuildFile; fileRef = AC3F4E981FB1B99C00B810CF /* FoodMenu.swift */; };
		AC3F4E9B1FB1BAE000B810CF /* foodCategoryTableViewCell.swift in Sources */ = {isa = PBXBuildFile; fileRef = AC3F4E9A1FB1BAE000B810CF /* foodCategoryTableViewCell.swift */; };
		AC3F4E9D1FB1BCCE00B810CF /* FoodCategoryTableViewController.swift in Sources */ = {isa = PBXBuildFile; fileRef = AC3F4E9C1FB1BCCE00B810CF /* FoodCategoryTableViewController.swift */; };
		AC3F4E9F1FB242D400B810CF /* FoodListTableViewController.swift in Sources */ = {isa = PBXBuildFile; fileRef = AC3F4E9E1FB242D400B810CF /* FoodListTableViewController.swift */; };
		AC3F4EA11FB2432A00B810CF /* FoodTableViewCell.swift in Sources */ = {isa = PBXBuildFile; fileRef = AC3F4EA01FB2432A00B810CF /* FoodTableViewCell.swift */; };
		AC3F4EA31FB244A900B810CF /* Food.swift in Sources */ = {isa = PBXBuildFile; fileRef = AC3F4EA21FB244A900B810CF /* Food.swift */; };
		AC3F4EA51FB2560700B810CF /* FoodListViewController.swift in Sources */ = {isa = PBXBuildFile; fileRef = AC3F4EA41FB2560700B810CF /* FoodListViewController.swift */; };
		AC3F4EA71FB2650300B810CF /* ReviewOrderViewController.swift in Sources */ = {isa = PBXBuildFile; fileRef = AC3F4EA61FB2650300B810CF /* ReviewOrderViewController.swift */; };
		AC3F4EA91FB2651A00B810CF /* ReviewOrderTableViewCell.swift in Sources */ = {isa = PBXBuildFile; fileRef = AC3F4EA81FB2651A00B810CF /* ReviewOrderTableViewCell.swift */; };
		AC3F4EAB1FB265A700B810CF /* ReviewOrder.swift in Sources */ = {isa = PBXBuildFile; fileRef = AC3F4EAA1FB265A700B810CF /* ReviewOrder.swift */; };
		AC3F4EAD1FB2A46E00B810CF /* ConfirmationPageViewController.swift in Sources */ = {isa = PBXBuildFile; fileRef = AC3F4EAC1FB2A46E00B810CF /* ConfirmationPageViewController.swift */; };
/* End PBXBuildFile section */

/* Begin PBXContainerItemProxy section */
		AC3F4E641FB185EF00B810CF /* PBXContainerItemProxy */ = {
			isa = PBXContainerItemProxy;
			containerPortal = AC3F4E441FB185ED00B810CF /* Project object */;
			proxyType = 1;
			remoteGlobalIDString = AC3F4E4B1FB185EE00B810CF;
			remoteInfo = ChickenCoopApp;
		};
		AC3F4E6F1FB185EF00B810CF /* PBXContainerItemProxy */ = {
			isa = PBXContainerItemProxy;
			containerPortal = AC3F4E441FB185ED00B810CF /* Project object */;
			proxyType = 1;
			remoteGlobalIDString = AC3F4E4B1FB185EE00B810CF;
			remoteInfo = ChickenCoopApp;
		};
/* End PBXContainerItemProxy section */

/* Begin PBXFileReference section */
		AC3F4E4C1FB185EE00B810CF /* ChickenCoopApp.app */ = {isa = PBXFileReference; explicitFileType = wrapper.application; includeInIndex = 0; path = ChickenCoopApp.app; sourceTree = BUILT_PRODUCTS_DIR; };
		AC3F4E4F1FB185EE00B810CF /* AppDelegate.swift */ = {isa = PBXFileReference; lastKnownFileType = sourcecode.swift; path = AppDelegate.swift; sourceTree = "<group>"; };
		AC3F4E511FB185EE00B810CF /* ViewController.swift */ = {isa = PBXFileReference; lastKnownFileType = sourcecode.swift; path = ViewController.swift; sourceTree = "<group>"; };
		AC3F4E541FB185EE00B810CF /* Base */ = {isa = PBXFileReference; lastKnownFileType = file.storyboard; name = Base; path = Base.lproj/Main.storyboard; sourceTree = "<group>"; };
		AC3F4E571FB185EE00B810CF /* ChickenCoopApp.xcdatamodel */ = {isa = PBXFileReference; lastKnownFileType = wrapper.xcdatamodel; path = ChickenCoopApp.xcdatamodel; sourceTree = "<group>"; };
		AC3F4E591FB185EE00B810CF /* Assets.xcassets */ = {isa = PBXFileReference; lastKnownFileType = folder.assetcatalog; path = Assets.xcassets; sourceTree = "<group>"; };
		AC3F4E5C1FB185EE00B810CF /* Base */ = {isa = PBXFileReference; lastKnownFileType = file.storyboard; name = Base; path = Base.lproj/LaunchScreen.storyboard; sourceTree = "<group>"; };
		AC3F4E5E1FB185EE00B810CF /* Info.plist */ = {isa = PBXFileReference; lastKnownFileType = text.plist.xml; path = Info.plist; sourceTree = "<group>"; };
		AC3F4E631FB185EF00B810CF /* ChickenCoopAppTests.xctest */ = {isa = PBXFileReference; explicitFileType = wrapper.cfbundle; includeInIndex = 0; path = ChickenCoopAppTests.xctest; sourceTree = BUILT_PRODUCTS_DIR; };
		AC3F4E671FB185EF00B810CF /* ChickenCoopAppTests.swift */ = {isa = PBXFileReference; lastKnownFileType = sourcecode.swift; path = ChickenCoopAppTests.swift; sourceTree = "<group>"; };
		AC3F4E691FB185EF00B810CF /* Info.plist */ = {isa = PBXFileReference; lastKnownFileType = text.plist.xml; path = Info.plist; sourceTree = "<group>"; };
		AC3F4E6E1FB185EF00B810CF /* ChickenCoopAppUITests.xctest */ = {isa = PBXFileReference; explicitFileType = wrapper.cfbundle; includeInIndex = 0; path = ChickenCoopAppUITests.xctest; sourceTree = BUILT_PRODUCTS_DIR; };
		AC3F4E721FB185EF00B810CF /* ChickenCoopAppUITests.swift */ = {isa = PBXFileReference; lastKnownFileType = sourcecode.swift; path = ChickenCoopAppUITests.swift; sourceTree = "<group>"; };
		AC3F4E741FB185EF00B810CF /* Info.plist */ = {isa = PBXFileReference; lastKnownFileType = text.plist.xml; path = Info.plist; sourceTree = "<group>"; };
		AC3F4E821FB193A500B810CF /* LogoNavigationController.swift */ = {isa = PBXFileReference; lastKnownFileType = sourcecode.swift; path = LogoNavigationController.swift; sourceTree = "<group>"; };
		AC3F4E841FB19A2100B810CF /* MenuCollectionViewController.swift */ = {isa = PBXFileReference; lastKnownFileType = sourcecode.swift; path = MenuCollectionViewController.swift; sourceTree = "<group>"; };
		AC3F4E861FB19CA700B810CF /* MenuCollectionViewCell.swift */ = {isa = PBXFileReference; lastKnownFileType = sourcecode.swift; path = MenuCollectionViewCell.swift; sourceTree = "<group>"; };
		AC3F4E881FB1A1A500B810CF /* SpecialsTableViewController.swift */ = {isa = PBXFileReference; lastKnownFileType = sourcecode.swift; path = SpecialsTableViewController.swift; sourceTree = "<group>"; };
		AC3F4E8C1FB1A1FF00B810CF /* SpecialsTableViewCell.swift */ = {isa = PBXFileReference; lastKnownFileType = sourcecode.swift; path = SpecialsTableViewCell.swift; sourceTree = "<group>"; };
		AC3F4E911FB1A94700B810CF /* MainMenu.swift */ = {isa = PBXFileReference; lastKnownFileType = sourcecode.swift; path = MainMenu.swift; sourceTree = "<group>"; };
		AC3F4E961FB1B00100B810CF /* MenuData.swift */ = {isa = PBXFileReference; lastKnownFileType = sourcecode.swift; path = MenuData.swift; sourceTree = "<group>"; };
		AC3F4E981FB1B99C00B810CF /* FoodMenu.swift */ = {isa = PBXFileReference; lastKnownFileType = sourcecode.swift; path = FoodMenu.swift; sourceTree = "<group>"; };
		AC3F4E9A1FB1BAE000B810CF /* foodCategoryTableViewCell.swift */ = {isa = PBXFileReference; lastKnownFileType = sourcecode.swift; path = foodCategoryTableViewCell.swift; sourceTree = "<group>"; };
		AC3F4E9C1FB1BCCE00B810CF /* FoodCategoryTableViewController.swift */ = {isa = PBXFileReference; lastKnownFileType = sourcecode.swift; path = FoodCategoryTableViewController.swift; sourceTree = "<group>"; };
		AC3F4E9E1FB242D400B810CF /* FoodListTableViewController.swift */ = {isa = PBXFileReference; lastKnownFileType = sourcecode.swift; path = FoodListTableViewController.swift; sourceTree = "<group>"; };
		AC3F4EA01FB2432A00B810CF /* FoodTableViewCell.swift */ = {isa = PBXFileReference; lastKnownFileType = sourcecode.swift; path = FoodTableViewCell.swift; sourceTree = "<group>"; };
		AC3F4EA21FB244A900B810CF /* Food.swift */ = {isa = PBXFileReference; lastKnownFileType = sourcecode.swift; path = Food.swift; sourceTree = "<group>"; };
		AC3F4EA41FB2560700B810CF /* FoodListViewController.swift */ = {isa = PBXFileReference; lastKnownFileType = sourcecode.swift; path = FoodListViewController.swift; sourceTree = "<group>"; };
		AC3F4EA61FB2650300B810CF /* ReviewOrderViewController.swift */ = {isa = PBXFileReference; lastKnownFileType = sourcecode.swift; path = ReviewOrderViewController.swift; sourceTree = "<group>"; };
		AC3F4EA81FB2651A00B810CF /* ReviewOrderTableViewCell.swift */ = {isa = PBXFileReference; lastKnownFileType = sourcecode.swift; path = ReviewOrderTableViewCell.swift; sourceTree = "<group>"; };
		AC3F4EAA1FB265A700B810CF /* ReviewOrder.swift */ = {isa = PBXFileReference; lastKnownFileType = sourcecode.swift; path = ReviewOrder.swift; sourceTree = "<group>"; };
		AC3F4EAC1FB2A46E00B810CF /* ConfirmationPageViewController.swift */ = {isa = PBXFileReference; lastKnownFileType = sourcecode.swift; path = ConfirmationPageViewController.swift; sourceTree = "<group>"; };
/* End PBXFileReference section */

/* Begin PBXFrameworksBuildPhase section */
		AC3F4E491FB185EE00B810CF /* Frameworks */ = {
			isa = PBXFrameworksBuildPhase;
			buildActionMask = 2147483647;
			files = (
			);
			runOnlyForDeploymentPostprocessing = 0;
		};
		AC3F4E601FB185EF00B810CF /* Frameworks */ = {
			isa = PBXFrameworksBuildPhase;
			buildActionMask = 2147483647;
			files = (
			);
			runOnlyForDeploymentPostprocessing = 0;
		};
		AC3F4E6B1FB185EF00B810CF /* Frameworks */ = {
			isa = PBXFrameworksBuildPhase;
			buildActionMask = 2147483647;
			files = (
			);
			runOnlyForDeploymentPostprocessing = 0;
		};
/* End PBXFrameworksBuildPhase section */

/* Begin PBXGroup section */
		AC3F4E431FB185ED00B810CF = {
			isa = PBXGroup;
			children = (
				AC3F4E4E1FB185EE00B810CF /* ChickenCoopApp */,
				AC3F4E661FB185EF00B810CF /* ChickenCoopAppTests */,
				AC3F4E711FB185EF00B810CF /* ChickenCoopAppUITests */,
				AC3F4E4D1FB185EE00B810CF /* Products */,
			);
			sourceTree = "<group>";
		};
		AC3F4E4D1FB185EE00B810CF /* Products */ = {
			isa = PBXGroup;
			children = (
				AC3F4E4C1FB185EE00B810CF /* ChickenCoopApp.app */,
				AC3F4E631FB185EF00B810CF /* ChickenCoopAppTests.xctest */,
				AC3F4E6E1FB185EF00B810CF /* ChickenCoopAppUITests.xctest */,
			);
			name = Products;
			sourceTree = "<group>";
		};
		AC3F4E4E1FB185EE00B810CF /* ChickenCoopApp */ = {
			isa = PBXGroup;
			children = (
				AC3F4E931FB1AFC000B810CF /* ServerInfo */,
				AC3F4E901FB1A90300B810CF /* Controller */,
				AC3F4E8F1FB1A8FD00B810CF /* View */,
				AC3F4E8E1FB1A8F600B810CF /* Model */,
				AC3F4E4F1FB185EE00B810CF /* AppDelegate.swift */,
				AC3F4E531FB185EE00B810CF /* Main.storyboard */,
				AC3F4E591FB185EE00B810CF /* Assets.xcassets */,
				AC3F4E5B1FB185EE00B810CF /* LaunchScreen.storyboard */,
				AC3F4E5E1FB185EE00B810CF /* Info.plist */,
				AC3F4E561FB185EE00B810CF /* ChickenCoopApp.xcdatamodeld */,
			);
			path = ChickenCoopApp;
			sourceTree = "<group>";
		};
		AC3F4E661FB185EF00B810CF /* ChickenCoopAppTests */ = {
			isa = PBXGroup;
			children = (
				AC3F4E671FB185EF00B810CF /* ChickenCoopAppTests.swift */,
				AC3F4E691FB185EF00B810CF /* Info.plist */,
			);
			path = ChickenCoopAppTests;
			sourceTree = "<group>";
		};
		AC3F4E711FB185EF00B810CF /* ChickenCoopAppUITests */ = {
			isa = PBXGroup;
			children = (
				AC3F4E721FB185EF00B810CF /* ChickenCoopAppUITests.swift */,
				AC3F4E741FB185EF00B810CF /* Info.plist */,
			);
			path = ChickenCoopAppUITests;
			sourceTree = "<group>";
		};
		AC3F4E8E1FB1A8F600B810CF /* Model */ = {
			isa = PBXGroup;
			children = (
				AC3F4E911FB1A94700B810CF /* MainMenu.swift */,
				AC3F4E981FB1B99C00B810CF /* FoodMenu.swift */,
				AC3F4EA21FB244A900B810CF /* Food.swift */,
				AC3F4EAA1FB265A700B810CF /* ReviewOrder.swift */,
			);
			path = Model;
			sourceTree = "<group>";
		};
		AC3F4E8F1FB1A8FD00B810CF /* View */ = {
			isa = PBXGroup;
			children = (
				AC3F4E8C1FB1A1FF00B810CF /* SpecialsTableViewCell.swift */,
				AC3F4E861FB19CA700B810CF /* MenuCollectionViewCell.swift */,
				AC3F4E9A1FB1BAE000B810CF /* foodCategoryTableViewCell.swift */,
				AC3F4EA01FB2432A00B810CF /* FoodTableViewCell.swift */,
				AC3F4EA81FB2651A00B810CF /* ReviewOrderTableViewCell.swift */,
			);
			path = View;
			sourceTree = "<group>";
		};
		AC3F4E901FB1A90300B810CF /* Controller */ = {
			isa = PBXGroup;
			children = (
				AC3F4E511FB185EE00B810CF /* ViewController.swift */,
				AC3F4E881FB1A1A500B810CF /* SpecialsTableViewController.swift */,
				AC3F4E841FB19A2100B810CF /* MenuCollectionViewController.swift */,
				AC3F4E821FB193A500B810CF /* LogoNavigationController.swift */,
				AC3F4E9C1FB1BCCE00B810CF /* FoodCategoryTableViewController.swift */,
				AC3F4E9E1FB242D400B810CF /* FoodListTableViewController.swift */,
				AC3F4EA41FB2560700B810CF /* FoodListViewController.swift */,
				AC3F4EA61FB2650300B810CF /* ReviewOrderViewController.swift */,
				AC3F4EAC1FB2A46E00B810CF /* ConfirmationPageViewController.swift */,
			);
			path = Controller;
			sourceTree = "<group>";
		};
		AC3F4E931FB1AFC000B810CF /* ServerInfo */ = {
			isa = PBXGroup;
			children = (
				AC3F4E961FB1B00100B810CF /* MenuData.swift */,
			);
			path = ServerInfo;
			sourceTree = "<group>";
		};
/* End PBXGroup section */

/* Begin PBXNativeTarget section */
		AC3F4E4B1FB185EE00B810CF /* ChickenCoopApp */ = {
			isa = PBXNativeTarget;
			buildConfigurationList = AC3F4E771FB185EF00B810CF /* Build configuration list for PBXNativeTarget "ChickenCoopApp" */;
			buildPhases = (
				AC3F4E481FB185EE00B810CF /* Sources */,
				AC3F4E491FB185EE00B810CF /* Frameworks */,
				AC3F4E4A1FB185EE00B810CF /* Resources */,
			);
			buildRules = (
			);
			dependencies = (
			);
			name = ChickenCoopApp;
			productName = ChickenCoopApp;
			productReference = AC3F4E4C1FB185EE00B810CF /* ChickenCoopApp.app */;
			productType = "com.apple.product-type.application";
		};
		AC3F4E621FB185EF00B810CF /* ChickenCoopAppTests */ = {
			isa = PBXNativeTarget;
			buildConfigurationList = AC3F4E7A1FB185EF00B810CF /* Build configuration list for PBXNativeTarget "ChickenCoopAppTests" */;
			buildPhases = (
				AC3F4E5F1FB185EF00B810CF /* Sources */,
				AC3F4E601FB185EF00B810CF /* Frameworks */,
				AC3F4E611FB185EF00B810CF /* Resources */,
			);
			buildRules = (
			);
			dependencies = (
				AC3F4E651FB185EF00B810CF /* PBXTargetDependency */,
			);
			name = ChickenCoopAppTests;
			productName = ChickenCoopAppTests;
			productReference = AC3F4E631FB185EF00B810CF /* ChickenCoopAppTests.xctest */;
			productType = "com.apple.product-type.bundle.unit-test";
		};
		AC3F4E6D1FB185EF00B810CF /* ChickenCoopAppUITests */ = {
			isa = PBXNativeTarget;
			buildConfigurationList = AC3F4E7D1FB185EF00B810CF /* Build configuration list for PBXNativeTarget "ChickenCoopAppUITests" */;
			buildPhases = (
				AC3F4E6A1FB185EF00B810CF /* Sources */,
				AC3F4E6B1FB185EF00B810CF /* Frameworks */,
				AC3F4E6C1FB185EF00B810CF /* Resources */,
			);
			buildRules = (
			);
			dependencies = (
				AC3F4E701FB185EF00B810CF /* PBXTargetDependency */,
			);
			name = ChickenCoopAppUITests;
			productName = ChickenCoopAppUITests;
			productReference = AC3F4E6E1FB185EF00B810CF /* ChickenCoopAppUITests.xctest */;
			productType = "com.apple.product-type.bundle.ui-testing";
		};
/* End PBXNativeTarget section */

/* Begin PBXProject section */
		AC3F4E441FB185ED00B810CF /* Project object */ = {
			isa = PBXProject;
			attributes = {
				LastSwiftUpdateCheck = 0910;
				LastUpgradeCheck = 0910;
				ORGANIZATIONNAME = "Quinton Quaye";
				TargetAttributes = {
					AC3F4E4B1FB185EE00B810CF = {
						CreatedOnToolsVersion = 9.1;
						ProvisioningStyle = Automatic;
					};
					AC3F4E621FB185EF00B810CF = {
						CreatedOnToolsVersion = 9.1;
						ProvisioningStyle = Automatic;
						TestTargetID = AC3F4E4B1FB185EE00B810CF;
					};
					AC3F4E6D1FB185EF00B810CF = {
						CreatedOnToolsVersion = 9.1;
						ProvisioningStyle = Automatic;
						TestTargetID = AC3F4E4B1FB185EE00B810CF;
					};
				};
			};
			buildConfigurationList = AC3F4E471FB185ED00B810CF /* Build configuration list for PBXProject "ChickenCoopApp" */;
			compatibilityVersion = "Xcode 8.0";
			developmentRegion = en;
			hasScannedForEncodings = 0;
			knownRegions = (
				en,
				Base,
			);
			mainGroup = AC3F4E431FB185ED00B810CF;
			productRefGroup = AC3F4E4D1FB185EE00B810CF /* Products */;
			projectDirPath = "";
			projectRoot = "";
			targets = (
				AC3F4E4B1FB185EE00B810CF /* ChickenCoopApp */,
				AC3F4E621FB185EF00B810CF /* ChickenCoopAppTests */,
				AC3F4E6D1FB185EF00B810CF /* ChickenCoopAppUITests */,
			);
		};
/* End PBXProject section */

/* Begin PBXResourcesBuildPhase section */
		AC3F4E4A1FB185EE00B810CF /* Resources */ = {
			isa = PBXResourcesBuildPhase;
			buildActionMask = 2147483647;
			files = (
				AC3F4E5D1FB185EE00B810CF /* LaunchScreen.storyboard in Resources */,
				AC3F4E5A1FB185EE00B810CF /* Assets.xcassets in Resources */,
				AC3F4E551FB185EE00B810CF /* Main.storyboard in Resources */,
			);
			runOnlyForDeploymentPostprocessing = 0;
		};
		AC3F4E611FB185EF00B810CF /* Resources */ = {
			isa = PBXResourcesBuildPhase;
			buildActionMask = 2147483647;
			files = (
			);
			runOnlyForDeploymentPostprocessing = 0;
		};
		AC3F4E6C1FB185EF00B810CF /* Resources */ = {
			isa = PBXResourcesBuildPhase;
			buildActionMask = 2147483647;
			files = (
			);
			runOnlyForDeploymentPostprocessing = 0;
		};
/* End PBXResourcesBuildPhase section */

/* Begin PBXSourcesBuildPhase section */
		AC3F4E481FB185EE00B810CF /* Sources */ = {
			isa = PBXSourcesBuildPhase;
			buildActionMask = 2147483647;
			files = (
				AC3F4E521FB185EE00B810CF /* ViewController.swift in Sources */,
				AC3F4E831FB193A500B810CF /* LogoNavigationController.swift in Sources */,
				AC3F4EA11FB2432A00B810CF /* FoodTableViewCell.swift in Sources */,
				AC3F4E9D1FB1BCCE00B810CF /* FoodCategoryTableViewController.swift in Sources */,
				AC3F4E971FB1B00100B810CF /* MenuData.swift in Sources */,
				AC3F4E9B1FB1BAE000B810CF /* foodCategoryTableViewCell.swift in Sources */,
				AC3F4EAB1FB265A700B810CF /* ReviewOrder.swift in Sources */,
				AC3F4E9F1FB242D400B810CF /* FoodListTableViewController.swift in Sources */,
				AC3F4E891FB1A1A500B810CF /* SpecialsTableViewController.swift in Sources */,
				AC3F4E581FB185EE00B810CF /* ChickenCoopApp.xcdatamodeld in Sources */,
				AC3F4EA91FB2651A00B810CF /* ReviewOrderTableViewCell.swift in Sources */,
				AC3F4EA71FB2650300B810CF /* ReviewOrderViewController.swift in Sources */,
				AC3F4E501FB185EE00B810CF /* AppDelegate.swift in Sources */,
				AC3F4E8D1FB1A1FF00B810CF /* SpecialsTableViewCell.swift in Sources */,
				AC3F4E991FB1B99C00B810CF /* FoodMenu.swift in Sources */,
				AC3F4E921FB1A94700B810CF /* MainMenu.swift in Sources */,
				AC3F4EA31FB244A900B810CF /* Food.swift in Sources */,
				AC3F4EA51FB2560700B810CF /* FoodListViewController.swift in Sources */,
				AC3F4E851FB19A2100B810CF /* MenuCollectionViewController.swift in Sources */,
				AC3F4E871FB19CA700B810CF /* MenuCollectionViewCell.swift in Sources */,
				AC3F4EAD1FB2A46E00B810CF /* ConfirmationPageViewController.swift in Sources */,
			);
			runOnlyForDeploymentPostprocessing = 0;
		};
		AC3F4E5F1FB185EF00B810CF /* Sources */ = {
			isa = PBXSourcesBuildPhase;
			buildActionMask = 2147483647;
			files = (
				AC3F4E681FB185EF00B810CF /* ChickenCoopAppTests.swift in Sources */,
			);
			runOnlyForDeploymentPostprocessing = 0;
		};
		AC3F4E6A1FB185EF00B810CF /* Sources */ = {
			isa = PBXSourcesBuildPhase;
			buildActionMask = 2147483647;
			files = (
				AC3F4E731FB185EF00B810CF /* ChickenCoopAppUITests.swift in Sources */,
			);
			runOnlyForDeploymentPostprocessing = 0;
		};
/* End PBXSourcesBuildPhase section */

/* Begin PBXTargetDependency section */
		AC3F4E651FB185EF00B810CF /* PBXTargetDependency */ = {
			isa = PBXTargetDependency;
			target = AC3F4E4B1FB185EE00B810CF /* ChickenCoopApp */;
			targetProxy = AC3F4E641FB185EF00B810CF /* PBXContainerItemProxy */;
		};
		AC3F4E701FB185EF00B810CF /* PBXTargetDependency */ = {
			isa = PBXTargetDependency;
			target = AC3F4E4B1FB185EE00B810CF /* ChickenCoopApp */;
			targetProxy = AC3F4E6F1FB185EF00B810CF /* PBXContainerItemProxy */;
		};
/* End PBXTargetDependency section */

/* Begin PBXVariantGroup section */
		AC3F4E531FB185EE00B810CF /* Main.storyboard */ = {
			isa = PBXVariantGroup;
			children = (
				AC3F4E541FB185EE00B810CF /* Base */,
			);
			name = Main.storyboard;
			sourceTree = "<group>";
		};
		AC3F4E5B1FB185EE00B810CF /* LaunchScreen.storyboard */ = {
			isa = PBXVariantGroup;
			children = (
				AC3F4E5C1FB185EE00B810CF /* Base */,
			);
			name = LaunchScreen.storyboard;
			sourceTree = "<group>";
		};
/* End PBXVariantGroup section */

/* Begin XCBuildConfiguration section */
		AC3F4E751FB185EF00B810CF /* Debug */ = {
			isa = XCBuildConfiguration;
			buildSettings = {
				ALWAYS_SEARCH_USER_PATHS = NO;
				CLANG_ANALYZER_NONNULL = YES;
				CLANG_ANALYZER_NUMBER_OBJECT_CONVERSION = YES_AGGRESSIVE;
				CLANG_CXX_LANGUAGE_STANDARD = "gnu++14";
				CLANG_CXX_LIBRARY = "libc++";
				CLANG_ENABLE_MODULES = YES;
				CLANG_ENABLE_OBJC_ARC = YES;
				CLANG_WARN_BLOCK_CAPTURE_AUTORELEASING = YES;
				CLANG_WARN_BOOL_CONVERSION = YES;
				CLANG_WARN_COMMA = YES;
				CLANG_WARN_CONSTANT_CONVERSION = YES;
				CLANG_WARN_DIRECT_OBJC_ISA_USAGE = YES_ERROR;
				CLANG_WARN_DOCUMENTATION_COMMENTS = YES;
				CLANG_WARN_EMPTY_BODY = YES;
				CLANG_WARN_ENUM_CONVERSION = YES;
				CLANG_WARN_INFINITE_RECURSION = YES;
				CLANG_WARN_INT_CONVERSION = YES;
				CLANG_WARN_NON_LITERAL_NULL_CONVERSION = YES;
				CLANG_WARN_OBJC_LITERAL_CONVERSION = YES;
				CLANG_WARN_OBJC_ROOT_CLASS = YES_ERROR;
				CLANG_WARN_RANGE_LOOP_ANALYSIS = YES;
				CLANG_WARN_STRICT_PROTOTYPES = YES;
				CLANG_WARN_SUSPICIOUS_MOVE = YES;
				CLANG_WARN_UNGUARDED_AVAILABILITY = YES_AGGRESSIVE;
				CLANG_WARN_UNREACHABLE_CODE = YES;
				CLANG_WARN__DUPLICATE_METHOD_MATCH = YES;
				CODE_SIGN_IDENTITY = "iPhone Developer";
				COPY_PHASE_STRIP = NO;
				DEBUG_INFORMATION_FORMAT = dwarf;
				ENABLE_STRICT_OBJC_MSGSEND = YES;
				ENABLE_TESTABILITY = YES;
				GCC_C_LANGUAGE_STANDARD = gnu11;
				GCC_DYNAMIC_NO_PIC = NO;
				GCC_NO_COMMON_BLOCKS = YES;
				GCC_OPTIMIZATION_LEVEL = 0;
				GCC_PREPROCESSOR_DEFINITIONS = (
					"DEBUG=1",
					"$(inherited)",
				);
				GCC_WARN_64_TO_32_BIT_CONVERSION = YES;
				GCC_WARN_ABOUT_RETURN_TYPE = YES_ERROR;
				GCC_WARN_UNDECLARED_SELECTOR = YES;
				GCC_WARN_UNINITIALIZED_AUTOS = YES_AGGRESSIVE;
				GCC_WARN_UNUSED_FUNCTION = YES;
				GCC_WARN_UNUSED_VARIABLE = YES;
				IPHONEOS_DEPLOYMENT_TARGET = 11.1;
				MTL_ENABLE_DEBUG_INFO = YES;
				ONLY_ACTIVE_ARCH = YES;
				SDKROOT = iphoneos;
				SWIFT_ACTIVE_COMPILATION_CONDITIONS = DEBUG;
				SWIFT_OPTIMIZATION_LEVEL = "-Onone";
			};
			name = Debug;
		};
		AC3F4E761FB185EF00B810CF /* Release */ = {
			isa = XCBuildConfiguration;
			buildSettings = {
				ALWAYS_SEARCH_USER_PATHS = NO;
				CLANG_ANALYZER_NONNULL = YES;
				CLANG_ANALYZER_NUMBER_OBJECT_CONVERSION = YES_AGGRESSIVE;
				CLANG_CXX_LANGUAGE_STANDARD = "gnu++14";
				CLANG_CXX_LIBRARY = "libc++";
				CLANG_ENABLE_MODULES = YES;
				CLANG_ENABLE_OBJC_ARC = YES;
				CLANG_WARN_BLOCK_CAPTURE_AUTORELEASING = YES;
				CLANG_WARN_BOOL_CONVERSION = YES;
				CLANG_WARN_COMMA = YES;
				CLANG_WARN_CONSTANT_CONVERSION = YES;
				CLANG_WARN_DIRECT_OBJC_ISA_USAGE = YES_ERROR;
				CLANG_WARN_DOCUMENTATION_COMMENTS = YES;
				CLANG_WARN_EMPTY_BODY = YES;
				CLANG_WARN_ENUM_CONVERSION = YES;
				CLANG_WARN_INFINITE_RECURSION = YES;
				CLANG_WARN_INT_CONVERSION = YES;
				CLANG_WARN_NON_LITERAL_NULL_CONVERSION = YES;
				CLANG_WARN_OBJC_LITERAL_CONVERSION = YES;
				CLANG_WARN_OBJC_ROOT_CLASS = YES_ERROR;
				CLANG_WARN_RANGE_LOOP_ANALYSIS = YES;
				CLANG_WARN_STRICT_PROTOTYPES = YES;
				CLANG_WARN_SUSPICIOUS_MOVE = YES;
				CLANG_WARN_UNGUARDED_AVAILABILITY = YES_AGGRESSIVE;
				CLANG_WARN_UNREACHABLE_CODE = YES;
				CLANG_WARN__DUPLICATE_METHOD_MATCH = YES;
				CODE_SIGN_IDENTITY = "iPhone Developer";
				COPY_PHASE_STRIP = NO;
				DEBUG_INFORMATION_FORMAT = "dwarf-with-dsym";
				ENABLE_NS_ASSERTIONS = NO;
				ENABLE_STRICT_OBJC_MSGSEND = YES;
				GCC_C_LANGUAGE_STANDARD = gnu11;
				GCC_NO_COMMON_BLOCKS = YES;
				GCC_WARN_64_TO_32_BIT_CONVERSION = YES;
				GCC_WARN_ABOUT_RETURN_TYPE = YES_ERROR;
				GCC_WARN_UNDECLARED_SELECTOR = YES;
				GCC_WARN_UNINITIALIZED_AUTOS = YES_AGGRESSIVE;
				GCC_WARN_UNUSED_FUNCTION = YES;
				GCC_WARN_UNUSED_VARIABLE = YES;
				IPHONEOS_DEPLOYMENT_TARGET = 11.1;
				MTL_ENABLE_DEBUG_INFO = NO;
				SDKROOT = iphoneos;
				SWIFT_OPTIMIZATION_LEVEL = "-Owholemodule";
				VALIDATE_PRODUCT = YES;
			};
			name = Release;
		};
		AC3F4E781FB185EF00B810CF /* Debug */ = {
			isa = XCBuildConfiguration;
			buildSettings = {
				ASSETCATALOG_COMPILER_APPICON_NAME = AppIcon;
				CODE_SIGN_STYLE = Automatic;
				DEVELOPMENT_TEAM = 4JD3TEP8Z6;
				INFOPLIST_FILE = ChickenCoopApp/Info.plist;
				IPHONEOS_DEPLOYMENT_TARGET = 10.3;
				LD_RUNPATH_SEARCH_PATHS = "$(inherited) @executable_path/Frameworks";
				PRODUCT_BUNDLE_IDENTIFIER = theQ.ChickenCoopApp;
				PRODUCT_NAME = "$(TARGET_NAME)";
				SWIFT_VERSION = 4.0;
				TARGETED_DEVICE_FAMILY = 1;
			};
			name = Debug;
		};
		AC3F4E791FB185EF00B810CF /* Release */ = {
			isa = XCBuildConfiguration;
			buildSettings = {
				ASSETCATALOG_COMPILER_APPICON_NAME = AppIcon;
				CODE_SIGN_STYLE = Automatic;
				DEVELOPMENT_TEAM = 4JD3TEP8Z6;
				INFOPLIST_FILE = ChickenCoopApp/Info.plist;
				IPHONEOS_DEPLOYMENT_TARGET = 10.3;
				LD_RUNPATH_SEARCH_PATHS = "$(inherited) @executable_path/Frameworks";
				PRODUCT_BUNDLE_IDENTIFIER = theQ.ChickenCoopApp;
				PRODUCT_NAME = "$(TARGET_NAME)";
				SWIFT_VERSION = 4.0;
				TARGETED_DEVICE_FAMILY = 1;
			};
			name = Release;
		};
		AC3F4E7B1FB185EF00B810CF /* Debug */ = {
			isa = XCBuildConfiguration;
			buildSettings = {
				ALWAYS_EMBED_SWIFT_STANDARD_LIBRARIES = YES;
				BUNDLE_LOADER = "$(TEST_HOST)";
				CODE_SIGN_STYLE = Automatic;
				DEVELOPMENT_TEAM = 4JD3TEP8Z6;
				INFOPLIST_FILE = ChickenCoopAppTests/Info.plist;
				LD_RUNPATH_SEARCH_PATHS = "$(inherited) @executable_path/Frameworks @loader_path/Frameworks";
				PRODUCT_BUNDLE_IDENTIFIER = theQ.ChickenCoopAppTests;
				PRODUCT_NAME = "$(TARGET_NAME)";
				SWIFT_VERSION = 4.0;
				TARGETED_DEVICE_FAMILY = "1,2";
				TEST_HOST = "$(BUILT_PRODUCTS_DIR)/ChickenCoopApp.app/ChickenCoopApp";
			};
			name = Debug;
		};
		AC3F4E7C1FB185EF00B810CF /* Release */ = {
			isa = XCBuildConfiguration;
			buildSettings = {
				ALWAYS_EMBED_SWIFT_STANDARD_LIBRARIES = YES;
				BUNDLE_LOADER = "$(TEST_HOST)";
				CODE_SIGN_STYLE = Automatic;
				DEVELOPMENT_TEAM = 4JD3TEP8Z6;
				INFOPLIST_FILE = ChickenCoopAppTests/Info.plist;
				LD_RUNPATH_SEARCH_PATHS = "$(inherited) @executable_path/Frameworks @loader_path/Frameworks";
				PRODUCT_BUNDLE_IDENTIFIER = theQ.ChickenCoopAppTests;
				PRODUCT_NAME = "$(TARGET_NAME)";
				SWIFT_VERSION = 4.0;
				TARGETED_DEVICE_FAMILY = "1,2";
				TEST_HOST = "$(BUILT_PRODUCTS_DIR)/ChickenCoopApp.app/ChickenCoopApp";
			};
			name = Release;
		};
		AC3F4E7E1FB185EF00B810CF /* Debug */ = {
			isa = XCBuildConfiguration;
			buildSettings = {
				ALWAYS_EMBED_SWIFT_STANDARD_LIBRARIES = YES;
				CODE_SIGN_STYLE = Automatic;
				DEVELOPMENT_TEAM = 4JD3TEP8Z6;
				INFOPLIST_FILE = ChickenCoopAppUITests/Info.plist;
				LD_RUNPATH_SEARCH_PATHS = "$(inherited) @executable_path/Frameworks @loader_path/Frameworks";
				PRODUCT_BUNDLE_IDENTIFIER = theQ.ChickenCoopAppUITests;
				PRODUCT_NAME = "$(TARGET_NAME)";
				SWIFT_VERSION = 4.0;
				TARGETED_DEVICE_FAMILY = "1,2";
				TEST_TARGET_NAME = ChickenCoopApp;
			};
			name = Debug;
		};
		AC3F4E7F1FB185EF00B810CF /* Release */ = {
			isa = XCBuildConfiguration;
			buildSettings = {
				ALWAYS_EMBED_SWIFT_STANDARD_LIBRARIES = YES;
				CODE_SIGN_STYLE = Automatic;
				DEVELOPMENT_TEAM = 4JD3TEP8Z6;
				INFOPLIST_FILE = ChickenCoopAppUITests/Info.plist;
				LD_RUNPATH_SEARCH_PATHS = "$(inherited) @executable_path/Frameworks @loader_path/Frameworks";
				PRODUCT_BUNDLE_IDENTIFIER = theQ.ChickenCoopAppUITests;
				PRODUCT_NAME = "$(TARGET_NAME)";
				SWIFT_VERSION = 4.0;
				TARGETED_DEVICE_FAMILY = "1,2";
				TEST_TARGET_NAME = ChickenCoopApp;
			};
			name = Release;
		};
/* End XCBuildConfiguration section */

/* Begin XCConfigurationList section */
		AC3F4E471FB185ED00B810CF /* Build configuration list for PBXProject "ChickenCoopApp" */ = {
			isa = XCConfigurationList;
			buildConfigurations = (
				AC3F4E751FB185EF00B810CF /* Debug */,
				AC3F4E761FB185EF00B810CF /* Release */,
			);
			defaultConfigurationIsVisible = 0;
			defaultConfigurationName = Release;
		};
		AC3F4E771FB185EF00B810CF /* Build configuration list for PBXNativeTarget "ChickenCoopApp" */ = {
			isa = XCConfigurationList;
			buildConfigurations = (
				AC3F4E781FB185EF00B810CF /* Debug */,
				AC3F4E791FB185EF00B810CF /* Release */,
			);
			defaultConfigurationIsVisible = 0;
			defaultConfigurationName = Release;
		};
		AC3F4E7A1FB185EF00B810CF /* Build configuration list for PBXNativeTarget "ChickenCoopAppTests" */ = {
			isa = XCConfigurationList;
			buildConfigurations = (
				AC3F4E7B1FB185EF00B810CF /* Debug */,
				AC3F4E7C1FB185EF00B810CF /* Release */,
			);
			defaultConfigurationIsVisible = 0;
			defaultConfigurationName = Release;
		};
		AC3F4E7D1FB185EF00B810CF /* Build configuration list for PBXNativeTarget "ChickenCoopAppUITests" */ = {
			isa = XCConfigurationList;
			buildConfigurations = (
				AC3F4E7E1FB185EF00B810CF /* Debug */,
				AC3F4E7F1FB185EF00B810CF /* Release */,
			);
			defaultConfigurationIsVisible = 0;
			defaultConfigurationName = Release;
		};
/* End XCConfigurationList section */

/* Begin XCVersionGroup section */
		AC3F4E561FB185EE00B810CF /* ChickenCoopApp.xcdatamodeld */ = {
			isa = XCVersionGroup;
			children = (
				AC3F4E571FB185EE00B810CF /* ChickenCoopApp.xcdatamodel */,
			);
			currentVersion = AC3F4E571FB185EE00B810CF /* ChickenCoopApp.xcdatamodel */;
			path = ChickenCoopApp.xcdatamodeld;
			sourceTree = "<group>";
			versionGroupType = wrapper.xcdatamodel;
		};
/* End XCVersionGroup section */
	};
	rootObject = AC3F4E441FB185ED00B810CF /* Project object */;
}
